
Microsoft Visual Studio Solution File, Format Version 12.00
# Visual Studio Version 16
VisualStudioVersion = 16.0.30114.105
MinimumVisualStudioVersion = 10.0.40219.1
Project("{9092AA53-FB77-4645-B42D-1CCCA6BD08BD}") = "COMP2068_Lab_1", "COMP2068_Lab_1\COMP2068_Lab_1.njsproj", "{C9625FB6-8B3A-4AEE-83F3-2A4661D8B279}"
EndProject
Global
	GlobalSection(SolutionConfigurationPlatforms) = preSolution
		Debug|Any CPU = Debug|Any CPU
		Release|Any CPU = Release|Any CPU
	EndGlobalSection
	GlobalSection(ProjectConfigurationPlatforms) = postSolution
		{C9625FB6-8B3A-4AEE-83F3-2A4661D8B279}.Debug|Any CPU.ActiveCfg = Debug|Any CPU
		{C9625FB6-8B3A-4AEE-83F3-2A4661D8B279}.Debug|Any CPU.Build.0 = Debug|Any CPU
		{C9625FB6-8B3A-4AEE-83F3-2A4661D8B279}.Release|Any CPU.ActiveCfg = Release|Any CPU
		{C9625FB6-8B3A-4AEE-83F3-2A4661D8B279}.Release|Any CPU.Build.0 = Release|Any CPU
	EndGlobalSection
	GlobalSection(SolutionProperties) = preSolution
		HideSolutionNode = FALSE
	EndGlobalSection
	GlobalSection(ExtensibilityGlobals) = postSolution
		SolutionGuid = {B67A386C-F9FD-4018-9E01-AAF37CE9AF50}
	EndGlobalSection
EndGlobal
